{
  "name": "loqui",
  "lockfileVersion": 3,
  "requires": true,
  "packages": {
    "": {
      "dependencies": {
        "ai": "^3.1.36",
        "aichat": "^0.1.25",
        "copilot": "^0.5.1",
        "huggingface": "^1.4.0",
        "transformers": "^3.1.0"
      }
    },
    "node_modules/@ai-sdk/provider": {
      "version": "0.0.10",
      "resolved": "https://registry.npmjs.org/@ai-sdk/provider/-/provider-0.0.10.tgz",
      "integrity": "sha512-NzkrtREQpHID1cTqY/C4CI30PVOaXWKYytDR2EcytmFgnP7Z6+CrGIA/YCnNhYAuUm6Nx+nGpRL/Hmyrv7NYzg==",
      "dependencies": {
        "json-schema": "0.4.0"
      },
      "engines": {
        "node": ">=18"
      }
    },
    "node_modules/@ai-sdk/provider-utils": {
      "version": "0.0.14",
      "resolved": "https://registry.npmjs.org/@ai-sdk/provider-utils/-/provider-utils-0.0.14.tgz",
      "integrity": "sha512-PCQFN3MlC6DShS/81IFU9NVvt9OekQGiZTEowRc2AwAwWrDsv7er3UkcMswFAL/Z7xZKjgu0dZTNH1z9oUlo7A==",
      "dependencies": {
        "@ai-sdk/provider": "0.0.10",
        "eventsource-parser": "1.1.2",
        "nanoid": "3.3.6",
        "secure-json-parse": "2.7.0"
      },
      "engines": {
        "node": ">=18"
      },
      "peerDependencies": {
        "zod": "^3.0.0"
      },
      "peerDependenciesMeta": {
        "zod": {
          "optional": true
        }
      }
    },
    "node_modules/@ai-sdk/react": {
      "version": "0.0.2",
      "resolved": "https://registry.npmjs.org/@ai-sdk/react/-/react-0.0.2.tgz",
      "integrity": "sha512-segG03b5Gdt5h2Q41Ylfn88Rv5OiyXBZOi1ycQ/4MSkQX0D6WLJ8QhNIPkI5ie2qLeQA7sVqFLVuDTnpZQtDSg==",
      "dependencies": {
        "@ai-sdk/provider-utils": "0.0.14",
        "@ai-sdk/ui-utils": "0.0.2",
        "swr": "2.2.0"
      },
      "engines": {
        "node": ">=18"
      },
      "peerDependencies": {
        "react": "^18 || ^19"
      },
      "peerDependenciesMeta": {
        "react": {
          "optional": true
        }
      }
    },
    "node_modules/@ai-sdk/solid": {
      "version": "0.0.2",
      "resolved": "https://registry.npmjs.org/@ai-sdk/solid/-/solid-0.0.2.tgz",
      "integrity": "sha512-zGj01mXzar10XwRwWGb0tQ4dLf4M3lGGdcZ2eDm79BN2U4KhNtEwyELKg+EaKdqHgfYJDyiotuqKjT4bcEFttQ==",
      "dependencies": {
        "@ai-sdk/ui-utils": "0.0.2",
        "solid-swr-store": "0.10.7",
        "swr-store": "0.10.6"
      },
      "engines": {
        "node": ">=18"
      },
      "peerDependencies": {
        "solid-js": "^1.7.7"
      },
      "peerDependenciesMeta": {
        "solid-js": {
          "optional": true
        }
      }
    },
    "node_modules/@ai-sdk/svelte": {
      "version": "0.0.2",
      "resolved": "https://registry.npmjs.org/@ai-sdk/svelte/-/svelte-0.0.2.tgz",
      "integrity": "sha512-q5heL7XxDzm2z3mxEESZuTx4rgOKMiKA5UkobFrUQgdJeE2jk/Efyl+1urvU8JWOZ5gokDS8beW1WA10LuuIvw==",
      "dependencies": {
        "@ai-sdk/provider-utils": "0.0.14",
        "@ai-sdk/ui-utils": "0.0.2",
        "sswr": "2.1.0"
      },
      "engines": {
        "node": ">=18"
      },
      "peerDependencies": {
        "svelte": "^3.0.0 || ^4.0.0"
      },
      "peerDependenciesMeta": {
        "svelte": {
          "optional": true
        }
      }
    },
    "node_modules/@ai-sdk/ui-utils": {
      "version": "0.0.2",
      "resolved": "https://registry.npmjs.org/@ai-sdk/ui-utils/-/ui-utils-0.0.2.tgz",
      "integrity": "sha512-CpWKvYO99UC72oHUts5MrJGPHEoOWrxhN4R8KjeHanZn7cosJ3bal++seSGJrwDz2ImqrpfAdRHmQtdbsCCOyQ==",
      "dependencies": {
        "@ai-sdk/provider-utils": "0.0.14"
      },
      "engines": {
        "node": ">=18"
      }
    },
    "node_modules/@ai-sdk/vue": {
      "version": "0.0.2",
      "resolved": "https://registry.npmjs.org/@ai-sdk/vue/-/vue-0.0.2.tgz",
      "integrity": "sha512-AfhB1YbdvqeZKheBsjeRsYZOJK2N/InC0VtWook08jiLgI47cau444Bj5dmx6401a1de/3tjw218G4rpJM/icA==",
      "dependencies": {
        "@ai-sdk/ui-utils": "0.0.2",
        "swrv": "1.0.4"
      },
      "engines": {
        "node": ">=18"
      },
      "peerDependencies": {
        "vue": "^3.3.4"
      },
      "peerDependenciesMeta": {
        "vue": {
          "optional": true
        }
      }
    },
    "node_modules/@ampproject/remapping": {
      "version": "2.3.0",
      "resolved": "https://registry.npmjs.org/@ampproject/remapping/-/remapping-2.3.0.tgz",
      "integrity": "sha512-30iZtAPgz+LTIYoeivqYo853f02jBYSd5uGnGpkFV0M3xOt9aN73erkgYAmZU43x4VfqcnLxW9Kpg3R5LC4YYw==",
      "peer": true,
      "dependencies": {
        "@jridgewell/gen-mapping": "^0.3.5",
        "@jridgewell/trace-mapping": "^0.3.24"
      },
      "engines": {
        "node": ">=6.0.0"
      }
    },
    "node_modules/@babel/parser": {
      "version": "7.24.7",
      "resolved": "https://registry.npmjs.org/@babel/parser/-/parser-7.24.7.tgz",
      "integrity": "sha512-9uUYRm6OqQrCqQdG1iCBwBPZgN8ciDBro2nIOFaiRz1/BCxaI7CNvQbDHvsArAC7Tw9Hda/B3U+6ui9u4HWXPw==",
      "peer": true,
      "bin": {
        "parser": "bin/babel-parser.js"
      },
      "engines": {
        "node": ">=6.0.0"
      }
    },
    "node_modules/@jridgewell/gen-mapping": {
      "version": "0.3.5",
      "resolved": "https://registry.npmjs.org/@jridgewell/gen-mapping/-/gen-mapping-0.3.5.tgz",
      "integrity": "sha512-IzL8ZoEDIBRWEzlCcRhOaCupYyN5gdIK+Q6fbFdPDg6HqX6jpkItn7DFIpW9LQzXG6Df9sA7+OKnq0qlz/GaQg==",
      "peer": true,
      "dependencies": {
        "@jridgewell/set-array": "^1.2.1",
        "@jridgewell/sourcemap-codec": "^1.4.10",
        "@jridgewell/trace-mapping": "^0.3.24"
      },
      "engines": {
        "node": ">=6.0.0"
      }
    },
    "node_modules/@jridgewell/resolve-uri": {
      "version": "3.1.2",
      "resolved": "https://registry.npmjs.org/@jridgewell/resolve-uri/-/resolve-uri-3.1.2.tgz",
      "integrity": "sha512-bRISgCIjP20/tbWSPWMEi54QVPRZExkuD9lJL+UIxUKtwVJA8wW1Trb1jMs1RFXo1CBTNZ/5hpC9QvmKWdopKw==",
      "peer": true,
      "engines": {
        "node": ">=6.0.0"
      }
    },
    "node_modules/@jridgewell/set-array": {
      "version": "1.2.1",
      "resolved": "https://registry.npmjs.org/@jridgewell/set-array/-/set-array-1.2.1.tgz",
      "integrity": "sha512-R8gLRTZeyp03ymzP/6Lil/28tGeGEzhx1q2k703KGWRAI1VdvPIXdG70VJc2pAMw3NA6JKL5hhFu1sJX0Mnn/A==",
      "peer": true,
      "engines": {
        "node": ">=6.0.0"
      }
    },
    "node_modules/@jridgewell/sourcemap-codec": {
      "version": "1.4.15",
      "resolved": "https://registry.npmjs.org/@jridgewell/sourcemap-codec/-/sourcemap-codec-1.4.15.tgz",
      "integrity": "sha512-eF2rxCRulEKXHTRiDrDy6erMYWqNw4LPdQ8UQA4huuxaQsVeRPFl2oM8oDGxMFhJUWZf9McpLtJasDDZb/Bpeg==",
      "peer": true
    },
    "node_modules/@jridgewell/trace-mapping": {
      "version": "0.3.25",
      "resolved": "https://registry.npmjs.org/@jridgewell/trace-mapping/-/trace-mapping-0.3.25.tgz",
      "integrity": "sha512-vNk6aEwybGtawWmy/PzwnGDOjCkLWSD2wqvjGGAgOAwCGWySYXfYoxt00IJkTF+8Lb57DwOb3Aa0o9CApepiYQ==",
      "peer": true,
      "dependencies": {
        "@jridgewell/resolve-uri": "^3.1.0",
        "@jridgewell/sourcemap-codec": "^1.4.14"
      }
    },
    "node_modules/@types/diff-match-patch": {
      "version": "1.0.36",
      "resolved": "https://registry.npmjs.org/@types/diff-match-patch/-/diff-match-patch-1.0.36.tgz",
      "integrity": "sha512-xFdR6tkm0MWvBfO8xXCSsinYxHcqkQUlcHeSpMC2ukzOb6lwQAfDmW+Qt0AvlGd8HpsS28qKsB+oPeJn9I39jg=="
    },
    "node_modules/@types/estree": {
      "version": "1.0.5",
      "resolved": "https://registry.npmjs.org/@types/estree/-/estree-1.0.5.tgz",
      "integrity": "sha512-/kYRxGDLWzHOB7q+wtSUQlFrtcdUccpfy+X+9iMBpHK8QLLhx2wIPYuS5DYtR9Wa/YlZAbIovy7qVdB1Aq6Lyw==",
      "peer": true
    },
    "node_modules/@vue/compiler-core": {
      "version": "3.4.29",
      "resolved": "https://registry.npmjs.org/@vue/compiler-core/-/compiler-core-3.4.29.tgz",
      "integrity": "sha512-TFKiRkKKsRCKvg/jTSSKK7mYLJEQdUiUfykbG49rubC9SfDyvT2JrzTReopWlz2MxqeLyxh9UZhvxEIBgAhtrg==",
      "peer": true,
      "dependencies": {
        "@babel/parser": "^7.24.7",
        "@vue/shared": "3.4.29",
        "entities": "^4.5.0",
        "estree-walker": "^2.0.2",
        "source-map-js": "^1.2.0"
      }
    },
    "node_modules/@vue/compiler-core/node_modules/estree-walker": {
      "version": "2.0.2",
      "resolved": "https://registry.npmjs.org/estree-walker/-/estree-walker-2.0.2.tgz",
      "integrity": "sha512-Rfkk/Mp/DL7JVje3u18FxFujQlTNR2q6QfMSMB7AvCBx91NGj/ba3kCfza0f6dVDbw7YlRf/nDrn7pQrCCyQ/w==",
      "peer": true
    },
    "node_modules/@vue/compiler-dom": {
      "version": "3.4.29",
      "resolved": "https://registry.npmjs.org/@vue/compiler-dom/-/compiler-dom-3.4.29.tgz",
      "integrity": "sha512-A6+iZ2fKIEGnfPJejdB7b1FlJzgiD+Y/sxxKwJWg1EbJu6ZPgzaPQQ51ESGNv0CP6jm6Z7/pO6Ia8Ze6IKrX7w==",
      "peer": true,
      "dependencies": {
        "@vue/compiler-core": "3.4.29",
        "@vue/shared": "3.4.29"
      }
    },
    "node_modules/@vue/compiler-sfc": {
      "version": "3.4.29",
      "resolved": "https://registry.npmjs.org/@vue/compiler-sfc/-/compiler-sfc-3.4.29.tgz",
      "integrity": "sha512-zygDcEtn8ZimDlrEQyLUovoWgKQic6aEQqRXce2WXBvSeHbEbcAsXyCk9oG33ZkyWH4sl9D3tkYc1idoOkdqZQ==",
      "peer": true,
      "dependencies": {
        "@babel/parser": "^7.24.7",
        "@vue/compiler-core": "3.4.29",
        "@vue/compiler-dom": "3.4.29",
        "@vue/compiler-ssr": "3.4.29",
        "@vue/shared": "3.4.29",
        "estree-walker": "^2.0.2",
        "magic-string": "^0.30.10",
        "postcss": "^8.4.38",
        "source-map-js": "^1.2.0"
      }
    },
    "node_modules/@vue/compiler-sfc/node_modules/estree-walker": {
      "version": "2.0.2",
      "resolved": "https://registry.npmjs.org/estree-walker/-/estree-walker-2.0.2.tgz",
      "integrity": "sha512-Rfkk/Mp/DL7JVje3u18FxFujQlTNR2q6QfMSMB7AvCBx91NGj/ba3kCfza0f6dVDbw7YlRf/nDrn7pQrCCyQ/w==",
      "peer": true
    },
    "node_modules/@vue/compiler-ssr": {
      "version": "3.4.29",
      "resolved": "https://registry.npmjs.org/@vue/compiler-ssr/-/compiler-ssr-3.4.29.tgz",
      "integrity": "sha512-rFbwCmxJ16tDp3N8XCx5xSQzjhidYjXllvEcqX/lopkoznlNPz3jyy0WGJCyhAaVQK677WWFt3YO/WUEkMMUFQ==",
      "peer": true,
      "dependencies": {
        "@vue/compiler-dom": "3.4.29",
        "@vue/shared": "3.4.29"
      }
    },
    "node_modules/@vue/reactivity": {
      "version": "3.4.29",
      "resolved": "https://registry.npmjs.org/@vue/reactivity/-/reactivity-3.4.29.tgz",
      "integrity": "sha512-w8+KV+mb1a8ornnGQitnMdLfE0kXmteaxLdccm2XwdFxXst4q/Z7SEboCV5SqJNpZbKFeaRBBJBhW24aJyGINg==",
      "peer": true,
      "dependencies": {
        "@vue/shared": "3.4.29"
      }
    },
    "node_modules/@vue/runtime-core": {
      "version": "3.4.29",
      "resolved": "https://registry.npmjs.org/@vue/runtime-core/-/runtime-core-3.4.29.tgz",
      "integrity": "sha512-s8fmX3YVR/Rk5ig0ic0NuzTNjK2M7iLuVSZyMmCzN/+Mjuqqif1JasCtEtmtoJWF32pAtUjyuT2ljNKNLeOmnQ==",
      "peer": true,
      "dependencies": {
        "@vue/reactivity": "3.4.29",
        "@vue/shared": "3.4.29"
      }
    },
    "node_modules/@vue/runtime-dom": {
      "version": "3.4.29",
      "resolved": "https://registry.npmjs.org/@vue/runtime-dom/-/runtime-dom-3.4.29.tgz",
      "integrity": "sha512-gI10atCrtOLf/2MPPMM+dpz3NGulo9ZZR9d1dWo4fYvm+xkfvRrw1ZmJ7mkWtiJVXSsdmPbcK1p5dZzOCKDN0g==",
      "peer": true,
      "dependencies": {
        "@vue/reactivity": "3.4.29",
        "@vue/runtime-core": "3.4.29",
        "@vue/shared": "3.4.29",
        "csstype": "^3.1.3"
      }
    },
    "node_modules/@vue/server-renderer": {
      "version": "3.4.29",
      "resolved": "https://registry.npmjs.org/@vue/server-renderer/-/server-renderer-3.4.29.tgz",
      "integrity": "sha512-HMLCmPI2j/k8PVkSBysrA2RxcxC5DgBiCdj7n7H2QtR8bQQPqKAe8qoaxLcInzouBmzwJ+J0x20ygN/B5mYBng==",
      "peer": true,
      "dependencies": {
        "@vue/compiler-ssr": "3.4.29",
        "@vue/shared": "3.4.29"
      },
      "peerDependencies": {
        "vue": "3.4.29"
      }
    },
    "node_modules/@vue/shared": {
      "version": "3.4.29",
      "resolved": "https://registry.npmjs.org/@vue/shared/-/shared-3.4.29.tgz",
      "integrity": "sha512-hQ2gAQcBO/CDpC82DCrinJNgOHI2v+FA7BDW4lMSPeBpQ7sRe2OLHWe5cph1s7D8DUQAwRt18dBDfJJ220APEA==",
      "peer": true
    },
    "node_modules/acorn": {
      "version": "8.12.0",
      "resolved": "https://registry.npmjs.org/acorn/-/acorn-8.12.0.tgz",
      "integrity": "sha512-RTvkC4w+KNXrM39/lWCUaG0IbRkWdCv7W/IOW9oU6SawyxulvkQy5HQPVTKxEjczcUvapcrw3cFx/60VN/NRNw==",
      "peer": true,
      "bin": {
        "acorn": "bin/acorn"
      },
      "engines": {
        "node": ">=0.4.0"
      }
    },
    "node_modules/ai": {
      "version": "3.1.36",
      "resolved": "https://registry.npmjs.org/ai/-/ai-3.1.36.tgz",
      "integrity": "sha512-mYAMofD43mrdMa4m0Bd3W/xsrjJeAMBg+jBDZtWdQWb+mipE7gY0CVbcG4AgEYXkJdPFV7/I8d7fC6QKfAw5+w==",
      "dependencies": {
        "@ai-sdk/provider": "0.0.10",
        "@ai-sdk/provider-utils": "0.0.14",
        "@ai-sdk/react": "0.0.2",
        "@ai-sdk/solid": "0.0.2",
        "@ai-sdk/svelte": "0.0.2",
        "@ai-sdk/ui-utils": "0.0.2",
        "@ai-sdk/vue": "0.0.2",
        "eventsource-parser": "1.1.2",
        "json-schema": "0.4.0",
        "jsondiffpatch": "0.6.0",
        "nanoid": "3.3.6",
        "secure-json-parse": "2.7.0",
        "sswr": "2.1.0",
        "zod-to-json-schema": "3.22.5"
      },
      "engines": {
        "node": ">=18"
      },
      "peerDependencies": {
        "openai": "^4.42.0",
        "react": "^18 || ^19",
        "svelte": "^3.0.0 || ^4.0.0",
        "zod": "^3.0.0"
      },
      "peerDependenciesMeta": {
        "openai": {
          "optional": true
        },
        "react": {
          "optional": true
        },
        "svelte": {
          "optional": true
        },
        "zod": {
          "optional": true
        }
      }
    },
    "node_modules/aichat": {
      "version": "0.1.25",
      "resolved": "https://registry.npmjs.org/aichat/-/aichat-0.1.25.tgz",
      "integrity": "sha512-HIq1In2tiDbs6LVWoI62lDTU5aK7lJGDWm4knkOP3eHSzSbqyN9wjXOl1wNRpGNitiPovhA0+Z23QwxudiR/lg=="
    },
    "node_modules/amdefine": {
      "version": "1.0.1",
      "resolved": "https://registry.npmjs.org/amdefine/-/amdefine-1.0.1.tgz",
      "integrity": "sha512-S2Hw0TtNkMJhIabBwIojKL9YHO5T0n5eNqWJ7Lrlel/zDbftQpxpapi8tZs3X1HWa+u+QeydGmzzNU0m09+Rcg==",
      "engines": {
        "node": ">=0.4.2"
      }
    },
    "node_modules/aria-query": {
      "version": "5.3.0",
      "resolved": "https://registry.npmjs.org/aria-query/-/aria-query-5.3.0.tgz",
      "integrity": "sha512-b0P0sZPKtyu8HkeRAfCq0IfURZK+SuwMjY1UXGBU27wpAiTwQAIlq56IbIO+ytk/JjS1fMR14ee5WBBfKi5J6A==",
      "peer": true,
      "dependencies": {
        "dequal": "^2.0.3"
      }
    },
    "node_modules/asap": {
      "version": "1.0.0",
      "resolved": "https://registry.npmjs.org/asap/-/asap-1.0.0.tgz",
      "integrity": "sha512-Ej9qjcXY+8Tuy1cNqiwNMwFRXOy9UwgTeMA8LxreodygIPV48lx8PU1ecFxb5ZeU1DpMKxiq6vGLTxcitWZPbA=="
    },
    "node_modules/async": {
      "version": "0.2.10",
      "resolved": "https://registry.npmjs.org/async/-/async-0.2.10.tgz",
      "integrity": "sha512-eAkdoKxU6/LkKDBzLpT+t6Ff5EtfSF4wx1WfJiPEEV7WNLnDaRXk0oVysiEPm262roaachGexwUv94WhSgN5TQ=="
    },
    "node_modules/atob": {
      "version": "1.1.3",
      "resolved": "https://registry.npmjs.org/atob/-/atob-1.1.3.tgz",
      "integrity": "sha512-RNyeNvFvPp+PQFx8+mttPY0KJ6wN+nkhWDp32I7iTElJyOkUaJ4Se7WRN7PsEFwGx9CONsuwjrrMNgV4AtZ44w==",
      "bin": {
        "atob": "bin/atob.js"
      },
      "engines": {
        "node": ">= 0.4.0"
      }
    },
    "node_modules/axobject-query": {
      "version": "4.0.0",
      "resolved": "https://registry.npmjs.org/axobject-query/-/axobject-query-4.0.0.tgz",
      "integrity": "sha512-+60uv1hiVFhHZeO+Lz0RYzsVHy5Wr1ayX0mwda9KPDVLNJgZ1T9Ny7VmFbLDzxsH0D87I86vgj3gFrjTJUYznw==",
      "peer": true,
      "dependencies": {
        "dequal": "^2.0.3"
      }
    },
    "node_modules/camelcase": {
      "version": "1.2.1",
      "resolved": "https://registry.npmjs.org/camelcase/-/camelcase-1.2.1.tgz",
      "integrity": "sha512-wzLkDa4K/mzI1OSITC+DUyjgIl/ETNHE9QvYgy6J6Jvqyyz4C0Xfd+lQhb19sX2jMpZV4IssUn0VDVmglV+s4g==",
      "engines": {
        "node": ">=0.10.0"
      }
    },
    "node_modules/chalk": {
      "version": "5.3.0",
      "resolved": "https://registry.npmjs.org/chalk/-/chalk-5.3.0.tgz",
      "integrity": "sha512-dLitG79d+GV1Nb/VYcCDFivJeK1hiukt9QjRNVOsUtTy1rR1YJsmpGGTZ3qJos+uw7WmWF4wUwBd9jxjocFC2w==",
      "engines": {
        "node": "^12.17.0 || ^14.13 || >=16.0.0"
      },
      "funding": {
        "url": "https://github.com/chalk/chalk?sponsor=1"
      }
    },
    "node_modules/clone": {
      "version": "0.1.19",
      "resolved": "https://registry.npmjs.org/clone/-/clone-0.1.19.tgz",
      "integrity": "sha512-IO78I0y6JcSpEPHzK4obKdsL7E7oLdRVDVOLwr2Hkbjsb+Eoz0dxW6tef0WizoKu0gLC4oZSZuEF4U2K6w1WQw==",
      "engines": {
        "node": "*"
      }
    },
    "node_modules/code-red": {
      "version": "1.0.4",
      "resolved": "https://registry.npmjs.org/code-red/-/code-red-1.0.4.tgz",
      "integrity": "sha512-7qJWqItLA8/VPVlKJlFXU+NBlo/qyfs39aJcuMT/2ere32ZqvF5OSxgdM5xOfJJ7O429gg2HM47y8v9P+9wrNw==",
      "peer": true,
      "dependencies": {
        "@jridgewell/sourcemap-codec": "^1.4.15",
        "@types/estree": "^1.0.1",
        "acorn": "^8.10.0",
        "estree-walker": "^3.0.3",
        "periscopic": "^3.1.0"
      }
    },
    "node_modules/copilot": {
      "version": "0.5.1",
      "resolved": "https://registry.npmjs.org/copilot/-/copilot-0.5.1.tgz",
      "integrity": "sha512-4neXNe1IvKwrNXECDVVihZD3NQaOOj/1aAZsoo1M3CoXLTOT03vWyGUOvgRj0xPUquGDjsjX0C8wcBLaTqd14g==",
      "deprecated": "Please use node-router instead. This package will be removed in the future."
    },
    "node_modules/css": {
      "version": "2.0.0",
      "resolved": "https://registry.npmjs.org/css/-/css-2.0.0.tgz",
      "integrity": "sha512-CFevVRdE5ZGfpgnuOFvCBsGarPgc3DJopMhT4KIokWitoznkAAcSYDKkYl6vwsjYiP2dLNjUzPf8UowBwDRQZw==",
      "dependencies": {
        "source-map": "~0.1.31",
        "source-map-resolve": "~0.1.3",
        "urix": "~0.1.0"
      }
    },
    "node_modules/css-tree": {
      "version": "2.3.1",
      "resolved": "https://registry.npmjs.org/css-tree/-/css-tree-2.3.1.tgz",
      "integrity": "sha512-6Fv1DV/TYw//QF5IzQdqsNDjx/wc8TrMBZsqjL9eW01tWb7R7k/mq+/VXfJCl7SoD5emsJop9cOByJZfs8hYIw==",
      "peer": true,
      "dependencies": {
        "mdn-data": "2.0.30",
        "source-map-js": "^1.0.1"
      },
      "engines": {
        "node": "^10 || ^12.20.0 || ^14.13.0 || >=15.0.0"
      }
    },
    "node_modules/csstype": {
      "version": "3.1.3",
      "resolved": "https://registry.npmjs.org/csstype/-/csstype-3.1.3.tgz",
      "integrity": "sha512-M1uQkMl8rQK/szD0LNhtqxIPLpimGm8sOBwU7lLnCpSbTyY3yeU1Vc7l4KT5zT4s/yOxHH5O7tIuuLOCnLADRw==",
      "peer": true
    },
    "node_modules/data-uri-to-buffer": {
      "version": "4.0.1",
      "resolved": "https://registry.npmjs.org/data-uri-to-buffer/-/data-uri-to-buffer-4.0.1.tgz",
      "integrity": "sha512-0R9ikRb668HB7QDxT1vkpuUBtqc53YyAwMwGeUFKRojY/NWKvdZ+9UYtRfGmhqNbRkTSVpMbmyhXipFFv2cb/A==",
      "engines": {
        "node": ">= 12"
      }
    },
    "node_modules/decamelize": {
      "version": "1.2.0",
      "resolved": "https://registry.npmjs.org/decamelize/-/decamelize-1.2.0.tgz",
      "integrity": "sha512-z2S+W9X73hAUUki+N+9Za2lBlun89zigOyGrsax+KUQ6wKW4ZoWpEYBkGhQjwAjjDCkWxhY0VKEhk8wzY7F5cA==",
      "engines": {
        "node": ">=0.10.0"
      }
    },
    "node_modules/dequal": {
      "version": "2.0.3",
      "resolved": "https://registry.npmjs.org/dequal/-/dequal-2.0.3.tgz",
      "integrity": "sha512-0je+qPKHEMohvfRTCEo3CrPG6cAzAYgmzKyxRiYSSDkS6eGJdyVJm7WaYA5ECaAD9wLB2T4EEeymA5aFVcYXCA==",
      "engines": {
        "node": ">=6"
      }
    },
    "node_modules/diff-match-patch": {
      "version": "1.0.5",
      "resolved": "https://registry.npmjs.org/diff-match-patch/-/diff-match-patch-1.0.5.tgz",
      "integrity": "sha512-IayShXAgj/QMXgB0IWmKx+rOPuGMhqm5w6jvFxmVenXKIzRqTAAsbBPT3kWQeGANj3jGgvcvv4yK6SxqYmikgw=="
    },
    "node_modules/entities": {
      "version": "4.5.0",
      "resolved": "https://registry.npmjs.org/entities/-/entities-4.5.0.tgz",
      "integrity": "sha512-V0hjH4dGPh9Ao5p0MoRY6BVqtwCjhz6vI5LT8AJ55H+4g9/4vbHx1I54fS0XuclLhDHArPQCiMjDxjaL8fPxhw==",
      "peer": true,
      "engines": {
        "node": ">=0.12"
      },
      "funding": {
        "url": "https://github.com/fb55/entities?sponsor=1"
      }
    },
    "node_modules/estree-walker": {
      "version": "3.0.3",
      "resolved": "https://registry.npmjs.org/estree-walker/-/estree-walker-3.0.3.tgz",
      "integrity": "sha512-7RUKfXgSMMkzt6ZuXmqapOurLGPPfgj6l9uRZ7lRGolvk0y2yocc35LdcxKC5PQZdn2DMqioAQ2NoWcrTKmm6g==",
      "peer": true,
      "dependencies": {
        "@types/estree": "^1.0.0"
      }
    },
    "node_modules/eventsource-parser": {
      "version": "1.1.2",
      "resolved": "https://registry.npmjs.org/eventsource-parser/-/eventsource-parser-1.1.2.tgz",
      "integrity": "sha512-v0eOBUbiaFojBu2s2NPBfYUoRR9GjcDNvCXVaqEf5vVfpIAh9f8RCo4vXTP8c63QRKCFwoLpMpTdPwwhEKVgzA==",
      "engines": {
        "node": ">=14.18"
      }
    },
    "node_modules/fetch-blob": {
      "version": "3.2.0",
      "resolved": "https://registry.npmjs.org/fetch-blob/-/fetch-blob-3.2.0.tgz",
      "integrity": "sha512-7yAQpD2UMJzLi1Dqv7qFYnPbaPx7ZfFK6PiIxQ4PfkGPyNyl2Ugx+a/umUonmKqjhM4DnfbMvdX6otXq83soQQ==",
      "funding": [
        {
          "type": "github",
          "url": "https://github.com/sponsors/jimmywarting"
        },
        {
          "type": "paypal",
          "url": "https://paypal.me/jimmywarting"
        }
      ],
      "dependencies": {
        "node-domexception": "^1.0.0",
        "web-streams-polyfill": "^3.0.3"
      },
      "engines": {
        "node": "^12.20 || >= 14.13"
      }
    },
    "node_modules/formdata-polyfill": {
      "version": "4.0.10",
      "resolved": "https://registry.npmjs.org/formdata-polyfill/-/formdata-polyfill-4.0.10.tgz",
      "integrity": "sha512-buewHzMvYL29jdeQTVILecSaZKnt/RJWjoZCF5OW60Z67/GmSLBkOFM7qh1PI3zFNtJbaZL5eQu1vLfazOwj4g==",
      "dependencies": {
        "fetch-blob": "^3.1.2"
      },
      "engines": {
        "node": ">=12.20.0"
      }
    },
    "node_modules/huggingface": {
      "version": "1.4.0",
      "resolved": "https://registry.npmjs.org/huggingface/-/huggingface-1.4.0.tgz",
      "integrity": "sha512-1R79GhEZRkAzpC6KZMJT++V3EhEjODHyOTeVNOjP3zD7p4HZ1rDfuw2ucjIjLWWljGyvxWWASEIvXF2hHqCJzw==",
      "deprecated": "Package no longer supported. Contact Support at https://www.npmjs.com/support for more info.",
      "dependencies": {
        "isomorphic-unfetch": "4.0.2"
      },
      "engines": {
        "node": ">=14"
      }
    },
    "node_modules/is-reference": {
      "version": "3.0.2",
      "resolved": "https://registry.npmjs.org/is-reference/-/is-reference-3.0.2.tgz",
      "integrity": "sha512-v3rht/LgVcsdZa3O2Nqs+NMowLOxeOm7Ay9+/ARQ2F+qEoANRcqrjAZKGN0v8ymUetZGgkp26LTnGT7H0Qo9Pg==",
      "peer": true,
      "dependencies": {
        "@types/estree": "*"
      }
    },
    "node_modules/isomorphic-unfetch": {
      "version": "4.0.2",
      "resolved": "https://registry.npmjs.org/isomorphic-unfetch/-/isomorphic-unfetch-4.0.2.tgz",
      "integrity": "sha512-1Yd+CF/7al18/N2BDbsLBcp6RO3tucSW+jcLq24dqdX5MNbCNTw1z4BsGsp4zNmjr/Izm2cs/cEqZPp4kvWSCA==",
      "dependencies": {
        "node-fetch": "^3.2.0",
        "unfetch": "^5.0.0"
      }
    },
    "node_modules/js-tokens": {
      "version": "4.0.0",
      "resolved": "https://registry.npmjs.org/js-tokens/-/js-tokens-4.0.0.tgz",
      "integrity": "sha512-RdJUflcE3cUzKiMqQgsCu06FPu9UdIJO0beYbPhHN4k6apgJtifcoCtT9bcxOpYBtpD2kCM6Sbzg4CausW/PKQ==",
      "peer": true
    },
    "node_modules/json-schema": {
      "version": "0.4.0",
      "resolved": "https://registry.npmjs.org/json-schema/-/json-schema-0.4.0.tgz",
      "integrity": "sha512-es94M3nTIfsEPisRafak+HDLfHXnKBhV3vU5eqPcS3flIWqcxJWgXHXiey3YrpaNsanY5ei1VoYEbOzijuq9BA=="
    },
    "node_modules/jsondiffpatch": {
      "version": "0.6.0",
      "resolved": "https://registry.npmjs.org/jsondiffpatch/-/jsondiffpatch-0.6.0.tgz",
      "integrity": "sha512-3QItJOXp2AP1uv7waBkao5nCvhEv+QmJAd38Ybq7wNI74Q+BBmnLn4EDKz6yI9xGAIQoUF87qHt+kc1IVxB4zQ==",
      "dependencies": {
        "@types/diff-match-patch": "^1.0.36",
        "chalk": "^5.3.0",
        "diff-match-patch": "^1.0.5"
      },
      "bin": {
        "jsondiffpatch": "bin/jsondiffpatch.js"
      },
      "engines": {
        "node": "^18.0.0 || >=20.0.0"
      }
    },
    "node_modules/locate-character": {
      "version": "3.0.0",
      "resolved": "https://registry.npmjs.org/locate-character/-/locate-character-3.0.0.tgz",
      "integrity": "sha512-SW13ws7BjaeJ6p7Q6CO2nchbYEc3X3J6WrmTTDto7yMPqVSZTUyY5Tjbid+Ab8gLnATtygYtiDIJGQRRn2ZOiA==",
      "peer": true
    },
    "node_modules/loose-envify": {
      "version": "1.4.0",
      "resolved": "https://registry.npmjs.org/loose-envify/-/loose-envify-1.4.0.tgz",
      "integrity": "sha512-lyuxPGr/Wfhrlem2CL/UcnUc1zcqKAImBDzukY7Y5F/yQiNdko6+fRLevlw1HgMySw7f611UIY408EtxRSoK3Q==",
      "peer": true,
      "dependencies": {
        "js-tokens": "^3.0.0 || ^4.0.0"
      },
      "bin": {
        "loose-envify": "cli.js"
      }
    },
    "node_modules/magic-string": {
      "version": "0.30.10",
      "resolved": "https://registry.npmjs.org/magic-string/-/magic-string-0.30.10.tgz",
      "integrity": "sha512-iIRwTIf0QKV3UAnYK4PU8uiEc4SRh5jX0mwpIwETPpHdhVM4f53RSwS/vXvN1JhGX+Cs7B8qIq3d6AH49O5fAQ==",
      "peer": true,
      "dependencies": {
        "@jridgewell/sourcemap-codec": "^1.4.15"
      }
    },
    "node_modules/mdn-data": {
      "version": "2.0.30",
      "resolved": "https://registry.npmjs.org/mdn-data/-/mdn-data-2.0.30.tgz",
      "integrity": "sha512-GaqWWShW4kv/G9IEucWScBx9G1/vsFZZJUO+tD26M8J8z3Kw5RDQjaoZe03YAClgeS/SWPOcb4nkFBTEi5DUEA==",
      "peer": true
    },
    "node_modules/nanoid": {
      "version": "3.3.6",
      "resolved": "https://registry.npmjs.org/nanoid/-/nanoid-3.3.6.tgz",
      "integrity": "sha512-BGcqMMJuToF7i1rt+2PWSNVnWIkGCU78jBG3RxO/bZlnZPK2Cmi2QaffxGO/2RvWi9sL+FAiRiXMgsyxQ1DIDA==",
      "funding": [
        {
          "type": "github",
          "url": "https://github.com/sponsors/ai"
        }
      ],
      "bin": {
        "nanoid": "bin/nanoid.cjs"
      },
      "engines": {
        "node": "^10 || ^12 || ^13.7 || ^14 || >=15.0.1"
      }
    },
    "node_modules/node-domexception": {
      "version": "1.0.0",
      "resolved": "https://registry.npmjs.org/node-domexception/-/node-domexception-1.0.0.tgz",
      "integrity": "sha512-/jKZoMpw0F8GRwl4/eLROPA3cfcXtLApP0QzLmUT/HuPCZWyB7IY9ZrMeKw2O/nFIqPQB3PVM9aYm0F312AXDQ==",
      "funding": [
        {
          "type": "github",
          "url": "https://github.com/sponsors/jimmywarting"
        },
        {
          "type": "github",
          "url": "https://paypal.me/jimmywarting"
        }
      ],
      "engines": {
        "node": ">=10.5.0"
      }
    },
    "node_modules/node-fetch": {
      "version": "3.3.2",
      "resolved": "https://registry.npmjs.org/node-fetch/-/node-fetch-3.3.2.tgz",
      "integrity": "sha512-dRB78srN/l6gqWulah9SrxeYnxeddIG30+GOqK/9OlLVyLg3HPnr6SqOWTWOXKRwC2eGYCkZ59NNuSgvSrpgOA==",
      "dependencies": {
        "data-uri-to-buffer": "^4.0.0",
        "fetch-blob": "^3.1.4",
        "formdata-polyfill": "^4.0.10"
      },
      "engines": {
        "node": "^12.20.0 || ^14.13.1 || >=16.0.0"
      },
      "funding": {
        "type": "opencollective",
        "url": "https://opencollective.com/node-fetch"
      }
    },
    "node_modules/periscopic": {
      "version": "3.1.0",
      "resolved": "https://registry.npmjs.org/periscopic/-/periscopic-3.1.0.tgz",
      "integrity": "sha512-vKiQ8RRtkl9P+r/+oefh25C3fhybptkHKCZSPlcXiJux2tJF55GnEj3BVn4A5gKfq9NWWXXrxkHBwVPUfH0opw==",
      "peer": true,
      "dependencies": {
        "@types/estree": "^1.0.0",
        "estree-walker": "^3.0.0",
        "is-reference": "^3.0.0"
      }
    },
    "node_modules/picocolors": {
      "version": "1.0.1",
      "resolved": "https://registry.npmjs.org/picocolors/-/picocolors-1.0.1.tgz",
      "integrity": "sha512-anP1Z8qwhkbmu7MFP5iTt+wQKXgwzf7zTyGlcdzabySa9vd0Xt392U0rVmz9poOaBj0uHJKyyo9/upk0HrEQew==",
      "peer": true
    },
    "node_modules/postcss": {
      "version": "8.4.38",
      "resolved": "https://registry.npmjs.org/postcss/-/postcss-8.4.38.tgz",
      "integrity": "sha512-Wglpdk03BSfXkHoQa3b/oulrotAkwrlLDRSOb9D0bN86FdRyE9lppSp33aHNPgBa0JKCoB+drFLZkQoRRYae5A==",
      "funding": [
        {
          "type": "opencollective",
          "url": "https://opencollective.com/postcss/"
        },
        {
          "type": "tidelift",
          "url": "https://tidelift.com/funding/github/npm/postcss"
        },
        {
          "type": "github",
          "url": "https://github.com/sponsors/ai"
        }
      ],
      "peer": true,
      "dependencies": {
        "nanoid": "^3.3.7",
        "picocolors": "^1.0.0",
        "source-map-js": "^1.2.0"
      },
      "engines": {
        "node": "^10 || ^12 || >=14"
      }
    },
    "node_modules/postcss/node_modules/nanoid": {
      "version": "3.3.7",
      "resolved": "https://registry.npmjs.org/nanoid/-/nanoid-3.3.7.tgz",
      "integrity": "sha512-eSRppjcPIatRIMC1U6UngP8XFcz8MQWGQdt1MTBQ7NaAmvXDfvNxbvWV3x2y6CdEUciCSsDHDQZbhYaB8QEo2g==",
      "funding": [
        {
          "type": "github",
          "url": "https://github.com/sponsors/ai"
        }
      ],
      "peer": true,
      "bin": {
        "nanoid": "bin/nanoid.cjs"
      },
      "engines": {
        "node": "^10 || ^12 || ^13.7 || ^14 || >=15.0.1"
      }
    },
    "node_modules/promise": {
      "version": "5.0.0",
      "resolved": "https://registry.npmjs.org/promise/-/promise-5.0.0.tgz",
      "integrity": "sha512-N2BfLz0Sigf7rsm5NnItRwTNqEDUF2ephwEXTcOAf2cO9NwZ9TnIjOmnQNtC0r70CV0S1+uc9mSMmFH7gxk87Q==",
      "dependencies": {
        "asap": "~1.0.0"
      }
    },
    "node_modules/react": {
      "version": "18.3.1",
      "resolved": "https://registry.npmjs.org/react/-/react-18.3.1.tgz",
      "integrity": "sha512-wS+hAgJShR0KhEvPJArfuPVN1+Hz1t0Y6n5jLrGQbkb4urgPE/0Rve+1kMB1v/oWgHgm4WIcV+i7F2pTVj+2iQ==",
      "peer": true,
      "dependencies": {
        "loose-envify": "^1.1.0"
      },
      "engines": {
        "node": ">=0.10.0"
      }
    },
    "node_modules/resolve-url": {
      "version": "0.2.1",
      "resolved": "https://registry.npmjs.org/resolve-url/-/resolve-url-0.2.1.tgz",
      "integrity": "sha512-ZuF55hVUQaaczgOIwqWzkEcEidmlD/xl44x1UZnhOXcYuFN2S6+rcxpG+C1N3So0wvNI3DmJICUFfu2SxhBmvg==",
      "deprecated": "https://github.com/lydell/resolve-url#deprecated"
    },
    "node_modules/secure-json-parse": {
      "version": "2.7.0",
      "resolved": "https://registry.npmjs.org/secure-json-parse/-/secure-json-parse-2.7.0.tgz",
      "integrity": "sha512-6aU+Rwsezw7VR8/nyvKTx8QpWH9FrcYiXXlqC4z5d5XQBDRqtbfsRjnwGyqbi3gddNtWHuEk9OANUotL26qKUw=="
    },
    "node_modules/seroval": {
      "version": "1.0.7",
      "resolved": "https://registry.npmjs.org/seroval/-/seroval-1.0.7.tgz",
      "integrity": "sha512-n6ZMQX5q0Vn19Zq7CIKNIo7E75gPkGCFUEqDpa8jgwpYr/vScjqnQ6H09t1uIiZ0ZSK0ypEGvrYK2bhBGWsGdw==",
      "peer": true,
      "engines": {
        "node": ">=10"
      }
    },
    "node_modules/seroval-plugins": {
      "version": "1.0.7",
      "resolved": "https://registry.npmjs.org/seroval-plugins/-/seroval-plugins-1.0.7.tgz",
      "integrity": "sha512-GO7TkWvodGp6buMEX9p7tNyIkbwlyuAWbI6G9Ec5bhcm7mQdu3JOK1IXbEUwb3FVzSc363GraG/wLW23NSavIw==",
      "peer": true,
      "engines": {
        "node": ">=10"
      },
      "peerDependencies": {
        "seroval": "^1.0"
      }
    },
    "node_modules/solid-js": {
      "version": "1.8.17",
      "resolved": "https://registry.npmjs.org/solid-js/-/solid-js-1.8.17.tgz",
      "integrity": "sha512-E0FkUgv9sG/gEBWkHr/2XkBluHb1fkrHywUgA6o6XolPDCJ4g1HaLmQufcBBhiF36ee40q+HpG/vCZu7fLpI3Q==",
      "peer": true,
      "dependencies": {
        "csstype": "^3.1.0",
        "seroval": "^1.0.4",
        "seroval-plugins": "^1.0.3"
      }
    },
    "node_modules/solid-swr-store": {
      "version": "0.10.7",
      "resolved": "https://registry.npmjs.org/solid-swr-store/-/solid-swr-store-0.10.7.tgz",
      "integrity": "sha512-A6d68aJmRP471aWqKKPE2tpgOiR5fH4qXQNfKIec+Vap+MGQm3tvXlT8n0I8UgJSlNAsSAUuw2VTviH2h3Vv5g==",
      "engines": {
        "node": ">=10"
      },
      "peerDependencies": {
        "solid-js": "^1.2",
        "swr-store": "^0.10"
      }
    },
    "node_modules/source-map": {
      "version": "0.1.43",
      "resolved": "https://registry.npmjs.org/source-map/-/source-map-0.1.43.tgz",
      "integrity": "sha512-VtCvB9SIQhk3aF6h+N85EaqIaBFIAfZ9Cu+NJHHVvc8BbEcnvDcFw6sqQ2dQrT6SlOrZq3tIvyD9+EGq/lJryQ==",
      "dependencies": {
        "amdefine": ">=0.0.4"
      },
      "engines": {
        "node": ">=0.8.0"
      }
    },
    "node_modules/source-map-js": {
      "version": "1.2.0",
      "resolved": "https://registry.npmjs.org/source-map-js/-/source-map-js-1.2.0.tgz",
      "integrity": "sha512-itJW8lvSA0TXEphiRoawsCksnlf8SyvmFzIhltqAHluXd88pkCd+cXJVHTDwdCr0IzwptSm035IHQktUu1QUMg==",
      "peer": true,
      "engines": {
        "node": ">=0.10.0"
      }
    },
    "node_modules/source-map-resolve": {
      "version": "0.1.4",
      "resolved": "https://registry.npmjs.org/source-map-resolve/-/source-map-resolve-0.1.4.tgz",
      "integrity": "sha512-CyA9MNoNBSLk91wjO0WWmMNKkidi22K3c8E5lTckHk0OWutD74G7dh3/vQxImBE5nvBhLCKmxpiSvlCDuI4xng==",
      "deprecated": "See https://github.com/lydell/source-map-resolve#deprecated",
      "dependencies": {
        "atob": "~1.1.0",
        "resolve-url": "~0.2.1",
        "source-map-url": "~0.2.0",
        "urix": "~0.1.0"
      }
    },
    "node_modules/source-map-url": {
      "version": "0.2.0",
      "resolved": "https://registry.npmjs.org/source-map-url/-/source-map-url-0.2.0.tgz",
      "integrity": "sha512-1Fuotv1kNP2juPIvX3YPZ37y/tKRCDEIJwjsCn7dc+AlrGZssbdIy1MgFkQlCMqGVTBjxXDbtfQYCQV7WPTs5Q==",
      "deprecated": "See https://github.com/lydell/source-map-url#deprecated"
    },
    "node_modules/sswr": {
      "version": "2.1.0",
      "resolved": "https://registry.npmjs.org/sswr/-/sswr-2.1.0.tgz",
      "integrity": "sha512-Cqc355SYlTAaUt8iDPaC/4DPPXK925PePLMxyBKuWd5kKc5mwsG3nT9+Mq2tyguL5s7b4Jg+IRMpTRsNTAfpSQ==",
      "dependencies": {
        "swrev": "^4.0.0"
      },
      "peerDependencies": {
        "svelte": "^4.0.0 || ^5.0.0-next.0"
      }
    },
    "node_modules/svelte": {
      "version": "4.2.18",
      "resolved": "https://registry.npmjs.org/svelte/-/svelte-4.2.18.tgz",
      "integrity": "sha512-d0FdzYIiAePqRJEb90WlJDkjUEx42xhivxN8muUBmfZnP+tzUgz12DJ2hRJi8sIHCME7jeK1PTMgKPSfTd8JrA==",
      "peer": true,
      "dependencies": {
        "@ampproject/remapping": "^2.2.1",
        "@jridgewell/sourcemap-codec": "^1.4.15",
        "@jridgewell/trace-mapping": "^0.3.18",
        "@types/estree": "^1.0.1",
        "acorn": "^8.9.0",
        "aria-query": "^5.3.0",
        "axobject-query": "^4.0.0",
        "code-red": "^1.0.3",
        "css-tree": "^2.3.1",
        "estree-walker": "^3.0.3",
        "is-reference": "^3.0.1",
        "locate-character": "^3.0.0",
        "magic-string": "^0.30.4",
        "periscopic": "^3.1.0"
      },
      "engines": {
        "node": ">=16"
      }
    },
    "node_modules/swr": {
      "version": "2.2.0",
      "resolved": "https://registry.npmjs.org/swr/-/swr-2.2.0.tgz",
      "integrity": "sha512-AjqHOv2lAhkuUdIiBu9xbuettzAzWXmCEcLONNKJRba87WAefz8Ca9d6ds/SzrPc235n1IxWYdhJ2zF3MNUaoQ==",
      "dependencies": {
        "use-sync-external-store": "^1.2.0"
      },
      "peerDependencies": {
        "react": "^16.11.0 || ^17.0.0 || ^18.0.0"
      }
    },
    "node_modules/swr-store": {
      "version": "0.10.6",
      "resolved": "https://registry.npmjs.org/swr-store/-/swr-store-0.10.6.tgz",
      "integrity": "sha512-xPjB1hARSiRaNNlUQvWSVrG5SirCjk2TmaUyzzvk69SZQan9hCJqw/5rG9iL7xElHU784GxRPISClq4488/XVw==",
      "dependencies": {
        "dequal": "^2.0.3"
      },
      "engines": {
        "node": ">=10"
      }
    },
    "node_modules/swrev": {
      "version": "4.0.0",
      "resolved": "https://registry.npmjs.org/swrev/-/swrev-4.0.0.tgz",
      "integrity": "sha512-LqVcOHSB4cPGgitD1riJ1Hh4vdmITOp+BkmfmXRh4hSF/t7EnS4iD+SOTmq7w5pPm/SiPeto4ADbKS6dHUDWFA=="
    },
    "node_modules/swrv": {
      "version": "1.0.4",
      "resolved": "https://registry.npmjs.org/swrv/-/swrv-1.0.4.tgz",
      "integrity": "sha512-zjEkcP8Ywmj+xOJW3lIT65ciY/4AL4e/Or7Gj0MzU3zBJNMdJiT8geVZhINavnlHRMMCcJLHhraLTAiDOTmQ9g==",
      "peerDependencies": {
        "vue": ">=3.2.26 < 4"
      }
    },
    "node_modules/transformers": {
      "version": "3.1.0",
      "resolved": "https://registry.npmjs.org/transformers/-/transformers-3.1.0.tgz",
      "integrity": "sha512-8L7XXjZ5KS0/J4QNBq2IfiqUqUG09f+mykNqBCIFg6LMWKaSYYhETrcGsN07g3cZqhX8G+XjDmqdMTAXNFYvMA==",
      "deprecated": "Deprecated, use jstransformer",
      "dependencies": {
        "clone": "~0.1.17",
        "css": "~2.0.0",
        "promise": "~5.0.0",
        "uglify-js": "~2.4.15"
      }
    },
    "node_modules/uglify-js": {
      "version": "2.4.24",
      "resolved": "https://registry.npmjs.org/uglify-js/-/uglify-js-2.4.24.tgz",
      "integrity": "sha512-tktIjwackfZLd893KGJmXc1hrRHH1vH9Po3xFh1XBjjeGAnN02xJ3SuoA+n1L29/ZaCA18KzCFlckS+vfPugiA==",
      "dependencies": {
        "async": "~0.2.6",
        "source-map": "0.1.34",
        "uglify-to-browserify": "~1.0.0",
        "yargs": "~3.5.4"
      },
      "bin": {
        "uglifyjs": "bin/uglifyjs"
      },
      "engines": {
        "node": ">=0.4.0"
      }
    },
    "node_modules/uglify-js/node_modules/source-map": {
      "version": "0.1.34",
      "resolved": "https://registry.npmjs.org/source-map/-/source-map-0.1.34.tgz",
      "integrity": "sha512-yfCwDj0vR9RTwt3pEzglgb3ZgmcXHt6DjG3bjJvzPwTL+5zDQ2MhmSzAcTy0GTiQuCiriSWXvWM1/NhKdXuoQA==",
      "dependencies": {
        "amdefine": ">=0.0.4"
      },
      "engines": {
        "node": ">=0.8.0"
      }
    },
    "node_modules/uglify-to-browserify": {
      "version": "1.0.2",
      "resolved": "https://registry.npmjs.org/uglify-to-browserify/-/uglify-to-browserify-1.0.2.tgz",
      "integrity": "sha512-vb2s1lYx2xBtUgy+ta+b2J/GLVUR+wmpINwHePmPRhOsIVCG2wDzKJ0n14GslH1BifsqVzSOwQhRaCAsZ/nI4Q=="
    },
    "node_modules/unfetch": {
      "version": "5.0.0",
      "resolved": "https://registry.npmjs.org/unfetch/-/unfetch-5.0.0.tgz",
      "integrity": "sha512-3xM2c89siXg0nHvlmYsQ2zkLASvVMBisZm5lF3gFDqfF2xonNStDJyMpvaOBe0a1Edxmqrf2E0HBdmy9QyZaeg==",
      "workspaces": [
        "./packages/isomorphic-unfetch"
      ]
    },
    "node_modules/urix": {
      "version": "0.1.0",
      "resolved": "https://registry.npmjs.org/urix/-/urix-0.1.0.tgz",
      "integrity": "sha512-Am1ousAhSLBeB9cG/7k7r2R0zj50uDRlZHPGbazid5s9rlF1F/QKYObEKSIunSjIOkJZqwRRLpvewjEkM7pSqg==",
      "deprecated": "Please see https://github.com/lydell/urix#deprecated"
    },
    "node_modules/use-sync-external-store": {
      "version": "1.2.2",
      "resolved": "https://registry.npmjs.org/use-sync-external-store/-/use-sync-external-store-1.2.2.tgz",
      "integrity": "sha512-PElTlVMwpblvbNqQ82d2n6RjStvdSoNe9FG28kNfz3WiXilJm4DdNkEzRhCZuIDwY8U08WVihhGR5iRqAwfDiw==",
      "peerDependencies": {
        "react": "^16.8.0 || ^17.0.0 || ^18.0.0"
      }
    },
    "node_modules/vue": {
      "version": "3.4.29",
      "resolved": "https://registry.npmjs.org/vue/-/vue-3.4.29.tgz",
      "integrity": "sha512-8QUYfRcYzNlYuzKPfge1UWC6nF9ym0lx7mpGVPJYNhddxEf3DD0+kU07NTL0sXuiT2HuJuKr/iEO8WvXvT0RSQ==",
      "peer": true,
      "dependencies": {
        "@vue/compiler-dom": "3.4.29",
        "@vue/compiler-sfc": "3.4.29",
        "@vue/runtime-dom": "3.4.29",
        "@vue/server-renderer": "3.4.29",
        "@vue/shared": "3.4.29"
      },
      "peerDependencies": {
        "typescript": "*"
      },
      "peerDependenciesMeta": {
        "typescript": {
          "optional": true
        }
      }
    },
    "node_modules/web-streams-polyfill": {
      "version": "3.3.3",
      "resolved": "https://registry.npmjs.org/web-streams-polyfill/-/web-streams-polyfill-3.3.3.tgz",
      "integrity": "sha512-d2JWLCivmZYTSIoge9MsgFCZrt571BikcWGYkjC1khllbTeDlGqZ2D8vD8E/lJa8WGWbb7Plm8/XJYV7IJHZZw==",
      "engines": {
        "node": ">= 8"
      }
    },
    "node_modules/window-size": {
      "version": "0.1.0",
      "resolved": "https://registry.npmjs.org/window-size/-/window-size-0.1.0.tgz",
      "integrity": "sha512-1pTPQDKTdd61ozlKGNCjhNRd+KPmgLSGa3mZTHoOliaGcESD8G1PXhh7c1fgiPjVbNVfgy2Faw4BI8/m0cC8Mg==",
      "engines": {
        "node": ">= 0.8.0"
      }
    },
    "node_modules/wordwrap": {
      "version": "0.0.2",
      "resolved": "https://registry.npmjs.org/wordwrap/-/wordwrap-0.0.2.tgz",
      "integrity": "sha512-xSBsCeh+g+dinoBv3GAOWM4LcVVO68wLXRanibtBSdUvkGWQRGeE9P7IwU9EmDDi4jA6L44lz15CGMwdw9N5+Q==",
      "engines": {
        "node": ">=0.4.0"
      }
    },
    "node_modules/yargs": {
      "version": "3.5.4",
      "resolved": "https://registry.npmjs.org/yargs/-/yargs-3.5.4.tgz",
      "integrity": "sha512-5j382E4xQSs71p/xZQsU1PtRA2HXPAjX0E0DkoGLxwNASMOKX6A9doV1NrZmj85u2Pjquz402qonBzz/yLPbPA==",
      "dependencies": {
        "camelcase": "^1.0.2",
        "decamelize": "^1.0.0",
        "window-size": "0.1.0",
        "wordwrap": "0.0.2"
      }
    },
    "node_modules/zod": {
      "version": "3.23.8",
      "resolved": "https://registry.npmjs.org/zod/-/zod-3.23.8.tgz",
      "integrity": "sha512-XBx9AXhXktjUqnepgTiE5flcKIYWi/rme0Eaj+5Y0lftuGBq+jyRu/md4WnuxqgP1ubdpNCsYEYPxrzVHD8d6g==",
      "peer": true,
      "funding": {
        "url": "https://github.com/sponsors/colinhacks"
      }
    },
    "node_modules/zod-to-json-schema": {
      "version": "3.22.5",
      "resolved": "https://registry.npmjs.org/zod-to-json-schema/-/zod-to-json-schema-3.22.5.tgz",
      "integrity": "sha512-+akaPo6a0zpVCCseDed504KBJUQpEW5QZw7RMneNmKw+fGaML1Z9tUNLnHHAC8x6dzVRO1eB2oEMyZRnuBZg7Q==",
      "peerDependencies": {
        "zod": "^3.22.4"
      }
    }
  }
}
