{
  "name": "loqui",
  "lockfileVersion": 3,
  "requires": true,
  "packages": {
    "": {
      "dependencies": {
        "copilot": "^0.5.1"
      }
    },
    "node_modules/copilot": {
      "version": "0.5.1",
      "resolved": "https://registry.npmjs.org/copilot/-/copilot-0.5.1.tgz",
      "integrity": "sha512-4neXNe1IvKwrNXECDVVihZD3NQaOOj/1aAZsoo1M3CoXLTOT03vWyGUOvgRj0xPUquGDjsjX0C8wcBLaTqd14g==",
      "deprecated": "Please use node-router instead. This package will be removed in the future."
    }
  }
}
