# THIS IS AN AUTOGENERATED FILE. DO NOT EDIT THIS FILE DIRECTLY.
# yarn lockfile v1


"@ai-sdk/provider-utils@0.0.14":
  version "0.0.14"
  resolved "https://registry.npmjs.org/@ai-sdk/provider-utils/-/provider-utils-0.0.14.tgz"
  integrity sha512-PCQFN3MlC6DShS/81IFU9NVvt9OekQGiZTEowRc2AwAwWrDsv7er3UkcMswFAL/Z7xZKjgu0dZTNH1z9oUlo7A==
  dependencies:
    "@ai-sdk/provider" "0.0.10"
    eventsource-parser "1.1.2"
    nanoid "3.3.6"
    secure-json-parse "2.7.0"

"@ai-sdk/provider@0.0.10":
  version "0.0.10"
  resolved "https://registry.npmjs.org/@ai-sdk/provider/-/provider-0.0.10.tgz"
  integrity sha512-NzkrtREQpHID1cTqY/C4CI30PVOaXWKYytDR2EcytmFgnP7Z6+CrGIA/YCnNhYAuUm6Nx+nGpRL/Hmyrv7NYzg==
  dependencies:
    json-schema "0.4.0"

"@ai-sdk/react@0.0.2":
  version "0.0.2"
  resolved "https://registry.npmjs.org/@ai-sdk/react/-/react-0.0.2.tgz"
  integrity sha512-segG03b5Gdt5h2Q41Ylfn88Rv5OiyXBZOi1ycQ/4MSkQX0D6WLJ8QhNIPkI5ie2qLeQA7sVqFLVuDTnpZQtDSg==
  dependencies:
    "@ai-sdk/provider-utils" "0.0.14"
    "@ai-sdk/ui-utils" "0.0.2"
    swr "2.2.0"

"@ai-sdk/solid@0.0.2":
  version "0.0.2"
  resolved "https://registry.npmjs.org/@ai-sdk/solid/-/solid-0.0.2.tgz"
  integrity sha512-zGj01mXzar10XwRwWGb0tQ4dLf4M3lGGdcZ2eDm79BN2U4KhNtEwyELKg+EaKdqHgfYJDyiotuqKjT4bcEFttQ==
  dependencies:
    "@ai-sdk/ui-utils" "0.0.2"
    solid-swr-store "0.10.7"
    swr-store "0.10.6"

"@ai-sdk/svelte@0.0.2":
  version "0.0.2"
  resolved "https://registry.npmjs.org/@ai-sdk/svelte/-/svelte-0.0.2.tgz"
  integrity sha512-q5heL7XxDzm2z3mxEESZuTx4rgOKMiKA5UkobFrUQgdJeE2jk/Efyl+1urvU8JWOZ5gokDS8beW1WA10LuuIvw==
  dependencies:
    "@ai-sdk/provider-utils" "0.0.14"
    "@ai-sdk/ui-utils" "0.0.2"
    sswr "2.1.0"

"@ai-sdk/ui-utils@0.0.2":
  version "0.0.2"
  resolved "https://registry.npmjs.org/@ai-sdk/ui-utils/-/ui-utils-0.0.2.tgz"
  integrity sha512-CpWKvYO99UC72oHUts5MrJGPHEoOWrxhN4R8KjeHanZn7cosJ3bal++seSGJrwDz2ImqrpfAdRHmQtdbsCCOyQ==
  dependencies:
    "@ai-sdk/provider-utils" "0.0.14"

"@ai-sdk/vue@0.0.2":
  version "0.0.2"
  resolved "https://registry.npmjs.org/@ai-sdk/vue/-/vue-0.0.2.tgz"
  integrity sha512-AfhB1YbdvqeZKheBsjeRsYZOJK2N/InC0VtWook08jiLgI47cau444Bj5dmx6401a1de/3tjw218G4rpJM/icA==
  dependencies:
    "@ai-sdk/ui-utils" "0.0.2"
    swrv "1.0.4"

"@types/diff-match-patch@^1.0.36":
  version "1.0.36"
  resolved "https://registry.npmjs.org/@types/diff-match-patch/-/diff-match-patch-1.0.36.tgz"
  integrity sha512-xFdR6tkm0MWvBfO8xXCSsinYxHcqkQUlcHeSpMC2ukzOb6lwQAfDmW+Qt0AvlGd8HpsS28qKsB+oPeJn9I39jg==

ai@^3.1.36:
  version "3.1.36"
  resolved "https://registry.npmjs.org/ai/-/ai-3.1.36.tgz"
  integrity sha512-mYAMofD43mrdMa4m0Bd3W/xsrjJeAMBg+jBDZtWdQWb+mipE7gY0CVbcG4AgEYXkJdPFV7/I8d7fC6QKfAw5+w==
  dependencies:
    "@ai-sdk/provider" "0.0.10"
    "@ai-sdk/provider-utils" "0.0.14"
    "@ai-sdk/react" "0.0.2"
    "@ai-sdk/solid" "0.0.2"
    "@ai-sdk/svelte" "0.0.2"
    "@ai-sdk/ui-utils" "0.0.2"
    "@ai-sdk/vue" "0.0.2"
    eventsource-parser "1.1.2"
    json-schema "0.4.0"
    jsondiffpatch "0.6.0"
    nanoid "3.3.6"
    secure-json-parse "2.7.0"
    sswr "2.1.0"
    zod-to-json-schema "3.22.5"

aichat@^0.1.25:
  version "0.1.25"
  resolved "https://registry.npmjs.org/aichat/-/aichat-0.1.25.tgz"
  integrity sha512-HIq1In2tiDbs6LVWoI62lDTU5aK7lJGDWm4knkOP3eHSzSbqyN9wjXOl1wNRpGNitiPovhA0+Z23QwxudiR/lg==

amdefine@>=0.0.4:
  version "1.0.1"
  resolved "https://registry.npmjs.org/amdefine/-/amdefine-1.0.1.tgz"
  integrity sha512-S2Hw0TtNkMJhIabBwIojKL9YHO5T0n5eNqWJ7Lrlel/zDbftQpxpapi8tZs3X1HWa+u+QeydGmzzNU0m09+Rcg==

asap@~1.0.0:
  version "1.0.0"
  resolved "https://registry.npmjs.org/asap/-/asap-1.0.0.tgz"
  integrity sha512-Ej9qjcXY+8Tuy1cNqiwNMwFRXOy9UwgTeMA8LxreodygIPV48lx8PU1ecFxb5ZeU1DpMKxiq6vGLTxcitWZPbA==

async@~0.2.6:
  version "0.2.10"
  resolved "https://registry.npmjs.org/async/-/async-0.2.10.tgz"
  integrity sha512-eAkdoKxU6/LkKDBzLpT+t6Ff5EtfSF4wx1WfJiPEEV7WNLnDaRXk0oVysiEPm262roaachGexwUv94WhSgN5TQ==

atob@~1.1.0:
  version "1.1.3"
  resolved "https://registry.npmjs.org/atob/-/atob-1.1.3.tgz"
  integrity sha512-RNyeNvFvPp+PQFx8+mttPY0KJ6wN+nkhWDp32I7iTElJyOkUaJ4Se7WRN7PsEFwGx9CONsuwjrrMNgV4AtZ44w==

camelcase@^1.0.2:
  version "1.2.1"
  resolved "https://registry.npmjs.org/camelcase/-/camelcase-1.2.1.tgz"
  integrity sha512-wzLkDa4K/mzI1OSITC+DUyjgIl/ETNHE9QvYgy6J6Jvqyyz4C0Xfd+lQhb19sX2jMpZV4IssUn0VDVmglV+s4g==

chalk@^5.3.0:
  version "5.3.0"
  resolved "https://registry.npmjs.org/chalk/-/chalk-5.3.0.tgz"
  integrity sha512-dLitG79d+GV1Nb/VYcCDFivJeK1hiukt9QjRNVOsUtTy1rR1YJsmpGGTZ3qJos+uw7WmWF4wUwBd9jxjocFC2w==

clone@~0.1.17:
  version "0.1.19"
  resolved "https://registry.npmjs.org/clone/-/clone-0.1.19.tgz"
  integrity sha512-IO78I0y6JcSpEPHzK4obKdsL7E7oLdRVDVOLwr2Hkbjsb+Eoz0dxW6tef0WizoKu0gLC4oZSZuEF4U2K6w1WQw==

copilot@^0.5.1:
  version "0.5.1"
  resolved "https://registry.npmjs.org/copilot/-/copilot-0.5.1.tgz"
  integrity sha512-4neXNe1IvKwrNXECDVVihZD3NQaOOj/1aAZsoo1M3CoXLTOT03vWyGUOvgRj0xPUquGDjsjX0C8wcBLaTqd14g==

css@~2.0.0:
  version "2.0.0"
  resolved "https://registry.npmjs.org/css/-/css-2.0.0.tgz"
  integrity sha512-CFevVRdE5ZGfpgnuOFvCBsGarPgc3DJopMhT4KIokWitoznkAAcSYDKkYl6vwsjYiP2dLNjUzPf8UowBwDRQZw==
  dependencies:
    source-map "~0.1.31"
    source-map-resolve "~0.1.3"
    urix "~0.1.0"

data-uri-to-buffer@^4.0.0:
  version "4.0.1"
  resolved "https://registry.npmjs.org/data-uri-to-buffer/-/data-uri-to-buffer-4.0.1.tgz"
  integrity sha512-0R9ikRb668HB7QDxT1vkpuUBtqc53YyAwMwGeUFKRojY/NWKvdZ+9UYtRfGmhqNbRkTSVpMbmyhXipFFv2cb/A==

decamelize@^1.0.0:
  version "1.2.0"
  resolved "https://registry.npmjs.org/decamelize/-/decamelize-1.2.0.tgz"
  integrity sha512-z2S+W9X73hAUUki+N+9Za2lBlun89zigOyGrsax+KUQ6wKW4ZoWpEYBkGhQjwAjjDCkWxhY0VKEhk8wzY7F5cA==

dequal@^2.0.3:
  version "2.0.3"
  resolved "https://registry.npmjs.org/dequal/-/dequal-2.0.3.tgz"
  integrity sha512-0je+qPKHEMohvfRTCEo3CrPG6cAzAYgmzKyxRiYSSDkS6eGJdyVJm7WaYA5ECaAD9wLB2T4EEeymA5aFVcYXCA==

diff-match-patch@^1.0.5:
  version "1.0.5"
  resolved "https://registry.npmjs.org/diff-match-patch/-/diff-match-patch-1.0.5.tgz"
  integrity sha512-IayShXAgj/QMXgB0IWmKx+rOPuGMhqm5w6jvFxmVenXKIzRqTAAsbBPT3kWQeGANj3jGgvcvv4yK6SxqYmikgw==

eventsource-parser@1.1.2:
  version "1.1.2"
  resolved "https://registry.npmjs.org/eventsource-parser/-/eventsource-parser-1.1.2.tgz"
  integrity sha512-v0eOBUbiaFojBu2s2NPBfYUoRR9GjcDNvCXVaqEf5vVfpIAh9f8RCo4vXTP8c63QRKCFwoLpMpTdPwwhEKVgzA==

fetch-blob@^3.1.2, fetch-blob@^3.1.4:
  version "3.2.0"
  resolved "https://registry.npmjs.org/fetch-blob/-/fetch-blob-3.2.0.tgz"
  integrity sha512-7yAQpD2UMJzLi1Dqv7qFYnPbaPx7ZfFK6PiIxQ4PfkGPyNyl2Ugx+a/umUonmKqjhM4DnfbMvdX6otXq83soQQ==
  dependencies:
    node-domexception "^1.0.0"
    web-streams-polyfill "^3.0.3"

formdata-polyfill@^4.0.10:
  version "4.0.10"
  resolved "https://registry.npmjs.org/formdata-polyfill/-/formdata-polyfill-4.0.10.tgz"
  integrity sha512-buewHzMvYL29jdeQTVILecSaZKnt/RJWjoZCF5OW60Z67/GmSLBkOFM7qh1PI3zFNtJbaZL5eQu1vLfazOwj4g==
  dependencies:
    fetch-blob "^3.1.2"

huggingface@^1.4.0:
  version "1.4.0"
  resolved "https://registry.npmjs.org/huggingface/-/huggingface-1.4.0.tgz"
  integrity sha512-1R79GhEZRkAzpC6KZMJT++V3EhEjODHyOTeVNOjP3zD7p4HZ1rDfuw2ucjIjLWWljGyvxWWASEIvXF2hHqCJzw==
  dependencies:
    isomorphic-unfetch "4.0.2"

isomorphic-unfetch@4.0.2:
  version "4.0.2"
  resolved "https://registry.npmjs.org/isomorphic-unfetch/-/isomorphic-unfetch-4.0.2.tgz"
  integrity sha512-1Yd+CF/7al18/N2BDbsLBcp6RO3tucSW+jcLq24dqdX5MNbCNTw1z4BsGsp4zNmjr/Izm2cs/cEqZPp4kvWSCA==
  dependencies:
    node-fetch "^3.2.0"
    unfetch "^5.0.0"

json-schema@0.4.0:
  version "0.4.0"
  resolved "https://registry.npmjs.org/json-schema/-/json-schema-0.4.0.tgz"
  integrity sha512-es94M3nTIfsEPisRafak+HDLfHXnKBhV3vU5eqPcS3flIWqcxJWgXHXiey3YrpaNsanY5ei1VoYEbOzijuq9BA==

jsondiffpatch@0.6.0:
  version "0.6.0"
  resolved "https://registry.npmjs.org/jsondiffpatch/-/jsondiffpatch-0.6.0.tgz"
  integrity sha512-3QItJOXp2AP1uv7waBkao5nCvhEv+QmJAd38Ybq7wNI74Q+BBmnLn4EDKz6yI9xGAIQoUF87qHt+kc1IVxB4zQ==
  dependencies:
    "@types/diff-match-patch" "^1.0.36"
    chalk "^5.3.0"
    diff-match-patch "^1.0.5"

nanoid@3.3.6:
  version "3.3.6"
  resolved "https://registry.npmjs.org/nanoid/-/nanoid-3.3.6.tgz"
  integrity sha512-BGcqMMJuToF7i1rt+2PWSNVnWIkGCU78jBG3RxO/bZlnZPK2Cmi2QaffxGO/2RvWi9sL+FAiRiXMgsyxQ1DIDA==

node-domexception@^1.0.0:
  version "1.0.0"
  resolved "https://registry.npmjs.org/node-domexception/-/node-domexception-1.0.0.tgz"
  integrity sha512-/jKZoMpw0F8GRwl4/eLROPA3cfcXtLApP0QzLmUT/HuPCZWyB7IY9ZrMeKw2O/nFIqPQB3PVM9aYm0F312AXDQ==

node-fetch@^3.2.0:
  version "3.3.2"
  resolved "https://registry.npmjs.org/node-fetch/-/node-fetch-3.3.2.tgz"
  integrity sha512-dRB78srN/l6gqWulah9SrxeYnxeddIG30+GOqK/9OlLVyLg3HPnr6SqOWTWOXKRwC2eGYCkZ59NNuSgvSrpgOA==
  dependencies:
    data-uri-to-buffer "^4.0.0"
    fetch-blob "^3.1.4"
    formdata-polyfill "^4.0.10"

promise@~5.0.0:
  version "5.0.0"
  resolved "https://registry.npmjs.org/promise/-/promise-5.0.0.tgz"
  integrity sha512-N2BfLz0Sigf7rsm5NnItRwTNqEDUF2ephwEXTcOAf2cO9NwZ9TnIjOmnQNtC0r70CV0S1+uc9mSMmFH7gxk87Q==
  dependencies:
    asap "~1.0.0"

resolve-url@~0.2.1:
  version "0.2.1"
  resolved "https://registry.npmjs.org/resolve-url/-/resolve-url-0.2.1.tgz"
  integrity sha512-ZuF55hVUQaaczgOIwqWzkEcEidmlD/xl44x1UZnhOXcYuFN2S6+rcxpG+C1N3So0wvNI3DmJICUFfu2SxhBmvg==

secure-json-parse@2.7.0:
  version "2.7.0"
  resolved "https://registry.npmjs.org/secure-json-parse/-/secure-json-parse-2.7.0.tgz"
  integrity sha512-6aU+Rwsezw7VR8/nyvKTx8QpWH9FrcYiXXlqC4z5d5XQBDRqtbfsRjnwGyqbi3gddNtWHuEk9OANUotL26qKUw==

solid-swr-store@0.10.7:
  version "0.10.7"
  resolved "https://registry.npmjs.org/solid-swr-store/-/solid-swr-store-0.10.7.tgz"
  integrity sha512-A6d68aJmRP471aWqKKPE2tpgOiR5fH4qXQNfKIec+Vap+MGQm3tvXlT8n0I8UgJSlNAsSAUuw2VTviH2h3Vv5g==

source-map-resolve@~0.1.3:
  version "0.1.4"
  resolved "https://registry.npmjs.org/source-map-resolve/-/source-map-resolve-0.1.4.tgz"
  integrity sha512-CyA9MNoNBSLk91wjO0WWmMNKkidi22K3c8E5lTckHk0OWutD74G7dh3/vQxImBE5nvBhLCKmxpiSvlCDuI4xng==
  dependencies:
    atob "~1.1.0"
    resolve-url "~0.2.1"
    source-map-url "~0.2.0"
    urix "~0.1.0"

source-map-url@~0.2.0:
  version "0.2.0"
  resolved "https://registry.npmjs.org/source-map-url/-/source-map-url-0.2.0.tgz"
  integrity sha512-1Fuotv1kNP2juPIvX3YPZ37y/tKRCDEIJwjsCn7dc+AlrGZssbdIy1MgFkQlCMqGVTBjxXDbtfQYCQV7WPTs5Q==

source-map@0.1.34:
  version "0.1.34"
  resolved "https://registry.npmjs.org/source-map/-/source-map-0.1.34.tgz"
  integrity sha512-yfCwDj0vR9RTwt3pEzglgb3ZgmcXHt6DjG3bjJvzPwTL+5zDQ2MhmSzAcTy0GTiQuCiriSWXvWM1/NhKdXuoQA==
  dependencies:
    amdefine ">=0.0.4"

source-map@~0.1.31:
  version "0.1.43"
  resolved "https://registry.npmjs.org/source-map/-/source-map-0.1.43.tgz"
  integrity sha512-VtCvB9SIQhk3aF6h+N85EaqIaBFIAfZ9Cu+NJHHVvc8BbEcnvDcFw6sqQ2dQrT6SlOrZq3tIvyD9+EGq/lJryQ==
  dependencies:
    amdefine ">=0.0.4"

sswr@2.1.0:
  version "2.1.0"
  resolved "https://registry.npmjs.org/sswr/-/sswr-2.1.0.tgz"
  integrity sha512-Cqc355SYlTAaUt8iDPaC/4DPPXK925PePLMxyBKuWd5kKc5mwsG3nT9+Mq2tyguL5s7b4Jg+IRMpTRsNTAfpSQ==
  dependencies:
    swrev "^4.0.0"

swr-store@0.10.6:
  version "0.10.6"
  resolved "https://registry.npmjs.org/swr-store/-/swr-store-0.10.6.tgz"
  integrity sha512-xPjB1hARSiRaNNlUQvWSVrG5SirCjk2TmaUyzzvk69SZQan9hCJqw/5rG9iL7xElHU784GxRPISClq4488/XVw==
  dependencies:
    dequal "^2.0.3"

swr@2.2.0:
  version "2.2.0"
  resolved "https://registry.npmjs.org/swr/-/swr-2.2.0.tgz"
  integrity sha512-AjqHOv2lAhkuUdIiBu9xbuettzAzWXmCEcLONNKJRba87WAefz8Ca9d6ds/SzrPc235n1IxWYdhJ2zF3MNUaoQ==
  dependencies:
    use-sync-external-store "^1.2.0"

swrev@^4.0.0:
  version "4.0.0"
  resolved "https://registry.npmjs.org/swrev/-/swrev-4.0.0.tgz"
  integrity sha512-LqVcOHSB4cPGgitD1riJ1Hh4vdmITOp+BkmfmXRh4hSF/t7EnS4iD+SOTmq7w5pPm/SiPeto4ADbKS6dHUDWFA==

swrv@1.0.4:
  version "1.0.4"
  resolved "https://registry.npmjs.org/swrv/-/swrv-1.0.4.tgz"
  integrity sha512-zjEkcP8Ywmj+xOJW3lIT65ciY/4AL4e/Or7Gj0MzU3zBJNMdJiT8geVZhINavnlHRMMCcJLHhraLTAiDOTmQ9g==

transformers@^3.1.0:
  version "3.1.0"
  resolved "https://registry.npmjs.org/transformers/-/transformers-3.1.0.tgz"
  integrity sha512-8L7XXjZ5KS0/J4QNBq2IfiqUqUG09f+mykNqBCIFg6LMWKaSYYhETrcGsN07g3cZqhX8G+XjDmqdMTAXNFYvMA==
  dependencies:
    clone "~0.1.17"
    css "~2.0.0"
    promise "~5.0.0"
    uglify-js "~2.4.15"

uglify-js@~2.4.15:
  version "2.4.24"
  resolved "https://registry.npmjs.org/uglify-js/-/uglify-js-2.4.24.tgz"
  integrity sha512-tktIjwackfZLd893KGJmXc1hrRHH1vH9Po3xFh1XBjjeGAnN02xJ3SuoA+n1L29/ZaCA18KzCFlckS+vfPugiA==
  dependencies:
    async "~0.2.6"
    source-map "0.1.34"
    uglify-to-browserify "~1.0.0"
    yargs "~3.5.4"

uglify-to-browserify@~1.0.0:
  version "1.0.2"
  resolved "https://registry.npmjs.org/uglify-to-browserify/-/uglify-to-browserify-1.0.2.tgz"
  integrity sha512-vb2s1lYx2xBtUgy+ta+b2J/GLVUR+wmpINwHePmPRhOsIVCG2wDzKJ0n14GslH1BifsqVzSOwQhRaCAsZ/nI4Q==

unfetch@^5.0.0:
  version "5.0.0"
  resolved "https://registry.npmjs.org/unfetch/-/unfetch-5.0.0.tgz"
  integrity sha512-3xM2c89siXg0nHvlmYsQ2zkLASvVMBisZm5lF3gFDqfF2xonNStDJyMpvaOBe0a1Edxmqrf2E0HBdmy9QyZaeg==

urix@~0.1.0:
  version "0.1.0"
  resolved "https://registry.npmjs.org/urix/-/urix-0.1.0.tgz"
  integrity sha512-Am1ousAhSLBeB9cG/7k7r2R0zj50uDRlZHPGbazid5s9rlF1F/QKYObEKSIunSjIOkJZqwRRLpvewjEkM7pSqg==

use-sync-external-store@^1.2.0:
  version "1.2.2"
  resolved "https://registry.npmjs.org/use-sync-external-store/-/use-sync-external-store-1.2.2.tgz"
  integrity sha512-PElTlVMwpblvbNqQ82d2n6RjStvdSoNe9FG28kNfz3WiXilJm4DdNkEzRhCZuIDwY8U08WVihhGR5iRqAwfDiw==

web-streams-polyfill@^3.0.3:
  version "3.3.3"
  resolved "https://registry.npmjs.org/web-streams-polyfill/-/web-streams-polyfill-3.3.3.tgz"
  integrity sha512-d2JWLCivmZYTSIoge9MsgFCZrt571BikcWGYkjC1khllbTeDlGqZ2D8vD8E/lJa8WGWbb7Plm8/XJYV7IJHZZw==

window-size@0.1.0:
  version "0.1.0"
  resolved "https://registry.npmjs.org/window-size/-/window-size-0.1.0.tgz"
  integrity sha512-1pTPQDKTdd61ozlKGNCjhNRd+KPmgLSGa3mZTHoOliaGcESD8G1PXhh7c1fgiPjVbNVfgy2Faw4BI8/m0cC8Mg==

wordwrap@0.0.2:
  version "0.0.2"
  resolved "https://registry.npmjs.org/wordwrap/-/wordwrap-0.0.2.tgz"
  integrity sha512-xSBsCeh+g+dinoBv3GAOWM4LcVVO68wLXRanibtBSdUvkGWQRGeE9P7IwU9EmDDi4jA6L44lz15CGMwdw9N5+Q==

yargs@~3.5.4:
  version "3.5.4"
  resolved "https://registry.npmjs.org/yargs/-/yargs-3.5.4.tgz"
  integrity sha512-5j382E4xQSs71p/xZQsU1PtRA2HXPAjX0E0DkoGLxwNASMOKX6A9doV1NrZmj85u2Pjquz402qonBzz/yLPbPA==
  dependencies:
    camelcase "^1.0.2"
    decamelize "^1.0.0"
    window-size "0.1.0"
    wordwrap "0.0.2"

zod-to-json-schema@3.22.5:
  version "3.22.5"
  resolved "https://registry.npmjs.org/zod-to-json-schema/-/zod-to-json-schema-3.22.5.tgz"
  integrity sha512-+akaPo6a0zpVCCseDed504KBJUQpEW5QZw7RMneNmKw+fGaML1Z9tUNLnHHAC8x6dzVRO1eB2oEMyZRnuBZg7Q==
